
Microsoft Visual Studio Solution File, Format Version 12.00
# Visual Studio Version 17
VisualStudioVersion = 17.8.34525.116
MinimumVisualStudioVersion = 10.0.40219.1
Project("{FAE04EC0-301F-11D3-BF4B-00C04F79EFBC}") = "GymTrack", "GymTrack\GymTrack.csproj", "{40128DB3-00D7-4254-A6D4-03F5AF01D83F}"
EndProject
Global
	GlobalSection(SolutionConfigurationPlatforms) = preSolution
		Debug|Any CPU = Debug|Any CPU
		Release|Any CPU = Release|Any CPU
	EndGlobalSection
	GlobalSection(ProjectConfigurationPlatforms) = postSolution
		{40128DB3-00D7-4254-A6D4-03F5AF01D83F}.Debug|Any CPU.ActiveCfg = Debug|Any CPU
		{40128DB3-00D7-4254-A6D4-03F5AF01D83F}.Debug|Any CPU.Build.0 = Debug|Any CPU
		{40128DB3-00D7-4254-A6D4-03F5AF01D83F}.Release|Any CPU.ActiveCfg = Release|Any CPU
		{40128DB3-00D7-4254-A6D4-03F5AF01D83F}.Release|Any CPU.Build.0 = Release|Any CPU
	EndGlobalSection
	GlobalSection(SolutionProperties) = preSolution
		HideSolutionNode = FALSE
	EndGlobalSection
	GlobalSection(ExtensibilityGlobals) = postSolution
		SolutionGuid = {18DEF977-57C0-47D3-A768-11BD23CFEB0D}
	EndGlobalSection
EndGlobal
